
Microsoft Visual Studio Solution File, Format Version 12.00
# Visual Studio Version 16
VisualStudioVersion = 16.0.31424.327
MinimumVisualStudioVersion = 10.0.40219.1
Project("{8BC9CEB8-8B4A-11D0-8D11-00A0C91BC942}") = "Structures", "Structures\Structures.vcxproj", "{5195F2A5-BE8D-4956-8321-B97B090B946E}"
EndProject
Project("{8BC9CEB8-8B4A-11D0-8D11-00A0C91BC942}") = "AnyTypeTest", "AnyTypeTest\AnyTypeTest.vcxproj", "{A4816140-6C35-469A-B410-71E02D60350F}"
EndProject
Global
	GlobalSection(SolutionConfigurationPlatforms) = preSolution
		Debug|x64 = Debug|x64
		Debug|x86 = Debug|x86
		Release|x64 = Release|x64
		Release|x86 = Release|x86
	EndGlobalSection
	GlobalSection(ProjectConfigurationPlatforms) = postSolution
		{5195F2A5-BE8D-4956-8321-B97B090B946E}.Debug|x64.ActiveCfg = Debug|x64
		{5195F2A5-BE8D-4956-8321-B97B090B946E}.Debug|x64.Build.0 = Debug|x64
		{5195F2A5-BE8D-4956-8321-B97B090B946E}.Debug|x86.ActiveCfg = Debug|Win32
		{5195F2A5-BE8D-4956-8321-B97B090B946E}.Debug|x86.Build.0 = Debug|Win32
		{5195F2A5-BE8D-4956-8321-B97B090B946E}.Release|x64.ActiveCfg = Release|x64
		{5195F2A5-BE8D-4956-8321-B97B090B946E}.Release|x64.Build.0 = Release|x64
		{5195F2A5-BE8D-4956-8321-B97B090B946E}.Release|x86.ActiveCfg = Release|Win32
		{5195F2A5-BE8D-4956-8321-B97B090B946E}.Release|x86.Build.0 = Release|Win32
		{A4816140-6C35-469A-B410-71E02D60350F}.Debug|x64.ActiveCfg = Debug|x64
		{A4816140-6C35-469A-B410-71E02D60350F}.Debug|x64.Build.0 = Debug|x64
		{A4816140-6C35-469A-B410-71E02D60350F}.Debug|x86.ActiveCfg = Debug|Win32
		{A4816140-6C35-469A-B410-71E02D60350F}.Debug|x86.Build.0 = Debug|Win32
		{A4816140-6C35-469A-B410-71E02D60350F}.Release|x64.ActiveCfg = Release|x64
		{A4816140-6C35-469A-B410-71E02D60350F}.Release|x64.Build.0 = Release|x64
		{A4816140-6C35-469A-B410-71E02D60350F}.Release|x86.ActiveCfg = Release|Win32
		{A4816140-6C35-469A-B410-71E02D60350F}.Release|x86.Build.0 = Release|Win32
	EndGlobalSection
	GlobalSection(SolutionProperties) = preSolution
		HideSolutionNode = FALSE
	EndGlobalSection
	GlobalSection(ExtensibilityGlobals) = postSolution
		SolutionGuid = {ABED9D87-FA66-45C8-81B2-4DA795306C2C}
	EndGlobalSection
EndGlobal
